{
  "version": 4,
  "terraform_version": "1.1.2",
  "serial": 12,
  "lineage": "ff5505fe-3bd9-d296-4c3e-1e0e9917987b",
  "outputs": {
    "app_service_plan_id": {
      "value": "/subscriptions/83443a1a-41b0-4623-b72d-893bfb473849/resourceGroups/TF-Group/providers/Microsoft.Web/serverfarms/fra-ott-poc",
      "type": "string"
    },
    "default_hostname": {
      "value": "fra-poc-demo.azurewebsites.net",
      "type": "string"
    },
    "id": {
      "value": "/subscriptions/83443a1a-41b0-4623-b72d-893bfb473849/resourceGroups/TF-Group/providers/Microsoft.Web/sites/fra-poc-demo",
      "type": "string"
    },
    "possible_outbound_ip_addresses": {
      "value": "52.186.161.161,52.191.32.247,52.191.39.114,52.191.34.60,52.224.76.167,52.224.78.130,52.224.78.134,52.224.79.106,52.224.79.121,52.224.72.186,52.224.79.128,52.191.39.141,52.224.79.169,52.224.79.211,52.224.79.234,52.226.49.204,52.226.49.229,52.226.50.54,52.226.50.60,52.224.78.192,52.191.36.184,52.226.50.63,52.226.50.75,52.226.50.82,104.45.179.8,52.224.78.158,52.226.50.95,52.224.73.160,52.226.50.111,52.226.50.124,20.49.104.35",
      "type": "string"
    },
    "storage_account_name": {
      "value": "frastorepoc007",
      "type": "string"
    },
    "storage_account_primary_access_key": {
      "value": "J04RRkJwMLXmSSBLweV7UP8mhf72hpV1jH/Hy6DWcsOZcfy6HbPa386vHUBcNhthvre/9t0QFf4xeLBDEYTYHA==",
      "type": "string",
      "sensitive": true
    },
    "storage_account_primary_connection_string": {
      "value": "DefaultEndpointsProtocol=https;AccountName=frastorepoc007;AccountKey=J04RRkJwMLXmSSBLweV7UP8mhf72hpV1jH/Hy6DWcsOZcfy6HbPa386vHUBcNhthvre/9t0QFf4xeLBDEYTYHA==;EndpointSuffix=core.windows.net",
      "type": "string",
      "sensitive": true
    }
  },
  "resources": [
    {
      "mode": "managed",
      "type": "azurerm_app_service_plan",
      "name": "asp_fa",
      "provider": "provider[\"registry.terraform.io/hashicorp/azurerm\"]",
      "instances": [
        {
          "index_key": 0,
          "schema_version": 0,
          "attributes": {
            "app_service_environment_id": "",
            "id": "/subscriptions/83443a1a-41b0-4623-b72d-893bfb473849/resourceGroups/TF-Group/providers/Microsoft.Web/serverfarms/fra-ott-poc",
            "is_xenon": false,
            "kind": "functionapp",
            "location": "eastus",
            "maximum_elastic_worker_count": 1,
            "maximum_number_of_workers": 0,
            "name": "fra-ott-poc",
            "per_site_scaling": false,
            "reserved": false,
            "resource_group_name": "TF-Group",
            "sku": [
              {
                "capacity": 0,
                "size": "Y1",
                "tier": "Dynamic"
              }
            ],
            "tags": null,
            "timeouts": null,
            "zone_redundant": false
          },
          "sensitive_attributes": [],
          "private": "eyJlMmJmYjczMC1lY2FhLTExZTYtOGY4OC0zNDM2M2JjN2M0YzAiOnsiY3JlYXRlIjozNjAwMDAwMDAwMDAwLCJkZWxldGUiOjM2MDAwMDAwMDAwMDAsInJlYWQiOjMwMDAwMDAwMDAwMCwidXBkYXRlIjozNjAwMDAwMDAwMDAwfX0="
        }
      ]
    },
    {
      "mode": "managed",
      "type": "azurerm_function_app",
      "name": "fa",
      "provider": "provider[\"registry.terraform.io/hashicorp/azurerm\"]",
      "instances": [
        {
          "schema_version": 0,
          "attributes": {
            "app_service_plan_id": "/subscriptions/83443a1a-41b0-4623-b72d-893bfb473849/resourceGroups/TF-Group/providers/Microsoft.Web/serverfarms/fra-ott-poc",
            "app_settings": {},
            "auth_settings": [
              {
                "active_directory": [],
                "additional_login_params": {},
                "allowed_external_redirect_urls": [],
                "default_provider": "",
                "enabled": false,
                "facebook": [],
                "google": [],
                "issuer": "",
                "microsoft": [],
                "runtime_version": "",
                "token_refresh_extension_hours": 0,
                "token_store_enabled": false,
                "twitter": [],
                "unauthenticated_client_action": ""
              }
            ],
            "client_affinity_enabled": false,
            "client_cert_mode": "",
            "connection_string": [],
            "custom_domain_verification_id": "C38A7994350D2D99E38D72697AB42F3817156E9EF2EC1C433DC2A0BD6A6DE45A",
            "daily_memory_time_quota": 0,
            "default_hostname": "fra-poc-demo.azurewebsites.net",
            "enable_builtin_logging": true,
            "enabled": true,
            "https_only": true,
            "id": "/subscriptions/83443a1a-41b0-4623-b72d-893bfb473849/resourceGroups/TF-Group/providers/Microsoft.Web/sites/fra-poc-demo",
            "identity": [],
            "key_vault_reference_identity_id": "SystemAssigned",
            "kind": "functionapp",
            "location": "eastus",
            "name": "fra-poc-demo",
            "os_type": "",
            "outbound_ip_addresses": "52.186.161.161,52.191.32.247,52.191.39.114,52.191.34.60,52.224.76.167,52.224.78.130,20.49.104.35",
            "possible_outbound_ip_addresses": "52.186.161.161,52.191.32.247,52.191.39.114,52.191.34.60,52.224.76.167,52.224.78.130,52.224.78.134,52.224.79.106,52.224.79.121,52.224.72.186,52.224.79.128,52.191.39.141,52.224.79.169,52.224.79.211,52.224.79.234,52.226.49.204,52.226.49.229,52.226.50.54,52.226.50.60,52.224.78.192,52.191.36.184,52.226.50.63,52.226.50.75,52.226.50.82,104.45.179.8,52.224.78.158,52.226.50.95,52.224.73.160,52.226.50.111,52.226.50.124,20.49.104.35",
            "resource_group_name": "TF-Group",
            "site_config": [
              {
                "always_on": false,
                "app_scale_limit": 0,
                "auto_swap_slot_name": "",
                "cors": [
                  {
                    "allowed_origins": null,
                    "support_credentials": false
                  }
                ],
                "dotnet_framework_version": "v4.0",
                "elastic_instance_minimum": 1,
                "ftps_state": "AllAllowed",
                "health_check_path": "",
                "http2_enabled": false,
                "ip_restriction": [],
                "java_version": "",
                "linux_fx_version": "",
                "min_tls_version": "1.2",
                "pre_warmed_instance_count": 0,
                "runtime_scale_monitoring_enabled": false,
                "scm_ip_restriction": [],
                "scm_type": "None",
                "scm_use_main_ip_restriction": false,
                "use_32_bit_worker_process": true,
                "vnet_route_all_enabled": false,
                "websockets_enabled": false
              }
            ],
            "site_credential": [
              {
                "password": "5rqizk5phmE5oZimPjjn0wkTBsDh7db8uKT9H2ceYFyZS2au6YWl1hWln6kv",
                "username": "$fra-poc-demo"
              }
            ],
            "source_control": [
              {
                "branch": "master",
                "manual_integration": false,
                "repo_url": "",
                "rollback_enabled": false,
                "use_mercurial": false
              }
            ],
            "storage_account_access_key": "J04RRkJwMLXmSSBLweV7UP8mhf72hpV1jH/Hy6DWcsOZcfy6HbPa386vHUBcNhthvre/9t0QFf4xeLBDEYTYHA==",
            "storage_account_name": "frastorepoc007",
            "storage_connection_string": "DefaultEndpointsProtocol=https;AccountName=frastorepoc007;AccountKey=J04RRkJwMLXmSSBLweV7UP8mhf72hpV1jH/Hy6DWcsOZcfy6HbPa386vHUBcNhthvre/9t0QFf4xeLBDEYTYHA==;EndpointSuffix=core.windows.net",
            "tags": null,
            "timeouts": null,
            "version": "~3"
          },
          "sensitive_attributes": [
            [
              {
                "type": "get_attr",
                "value": "storage_connection_string"
              }
            ]
          ],
          "private": "eyJlMmJmYjczMC1lY2FhLTExZTYtOGY4OC0zNDM2M2JjN2M0YzAiOnsiY3JlYXRlIjoxODAwMDAwMDAwMDAwLCJkZWxldGUiOjE4MDAwMDAwMDAwMDAsInJlYWQiOjMwMDAwMDAwMDAwMCwidXBkYXRlIjoxODAwMDAwMDAwMDAwfX0=",
          "dependencies": [
            "azurerm_app_service_plan.asp_fa",
            "azurerm_storage_account.sa"
          ]
        }
      ]
    },
    {
      "mode": "managed",
      "type": "azurerm_resource_group",
      "name": "example",
      "provider": "provider[\"registry.terraform.io/hashicorp/azurerm\"]",
      "instances": [
        {
          "schema_version": 0,
          "attributes": {
            "id": "/subscriptions/83443a1a-41b0-4623-b72d-893bfb473849/resourceGroups/TF-Group",
            "location": "eastus",
            "name": "TF-Group",
            "tags": {},
            "timeouts": null
          },
          "sensitive_attributes": [],
          "private": "eyJlMmJmYjczMC1lY2FhLTExZTYtOGY4OC0zNDM2M2JjN2M0YzAiOnsiY3JlYXRlIjo1NDAwMDAwMDAwMDAwLCJkZWxldGUiOjU0MDAwMDAwMDAwMDAsInJlYWQiOjMwMDAwMDAwMDAwMCwidXBkYXRlIjo1NDAwMDAwMDAwMDAwfX0="
        }
      ]
    },
    {
      "mode": "managed",
      "type": "azurerm_storage_account",
      "name": "sa",
      "provider": "provider[\"registry.terraform.io/hashicorp/azurerm\"]",
      "instances": [
        {
          "index_key": 0,
          "schema_version": 2,
          "attributes": {
            "access_tier": "",
            "account_kind": "Storage",
            "account_replication_type": "LRS",
            "account_tier": "Standard",
            "allow_blob_public_access": false,
            "azure_files_authentication": [],
            "blob_properties": [
              {
                "change_feed_enabled": false,
                "container_delete_retention_policy": [],
                "cors_rule": [],
                "default_service_version": "",
                "delete_retention_policy": [],
                "last_access_time_enabled": false,
                "versioning_enabled": false
              }
            ],
            "custom_domain": [],
            "enable_https_traffic_only": true,
            "id": "/subscriptions/83443a1a-41b0-4623-b72d-893bfb473849/resourceGroups/TF-Group/providers/Microsoft.Storage/storageAccounts/frastorepoc007",
            "identity": [],
            "is_hns_enabled": false,
            "large_file_share_enabled": null,
            "location": "eastus",
            "min_tls_version": "TLS1_0",
            "name": "frastorepoc007",
            "network_rules": [
              {
                "bypass": [
                  "AzureServices"
                ],
                "default_action": "Allow",
                "ip_rules": [],
                "private_link_access": [],
                "virtual_network_subnet_ids": []
              }
            ],
            "nfsv3_enabled": false,
            "primary_access_key": "J04RRkJwMLXmSSBLweV7UP8mhf72hpV1jH/Hy6DWcsOZcfy6HbPa386vHUBcNhthvre/9t0QFf4xeLBDEYTYHA==",
            "primary_blob_connection_string": "DefaultEndpointsProtocol=https;BlobEndpoint=https://frastorepoc007.blob.core.windows.net/;AccountName=frastorepoc007;AccountKey=J04RRkJwMLXmSSBLweV7UP8mhf72hpV1jH/Hy6DWcsOZcfy6HbPa386vHUBcNhthvre/9t0QFf4xeLBDEYTYHA==",
            "primary_blob_endpoint": "https://frastorepoc007.blob.core.windows.net/",
            "primary_blob_host": "frastorepoc007.blob.core.windows.net",
            "primary_connection_string": "DefaultEndpointsProtocol=https;AccountName=frastorepoc007;AccountKey=J04RRkJwMLXmSSBLweV7UP8mhf72hpV1jH/Hy6DWcsOZcfy6HbPa386vHUBcNhthvre/9t0QFf4xeLBDEYTYHA==;EndpointSuffix=core.windows.net",
            "primary_dfs_endpoint": "",
            "primary_dfs_host": "",
            "primary_file_endpoint": "https://frastorepoc007.file.core.windows.net/",
            "primary_file_host": "frastorepoc007.file.core.windows.net",
            "primary_location": "eastus",
            "primary_queue_endpoint": "https://frastorepoc007.queue.core.windows.net/",
            "primary_queue_host": "frastorepoc007.queue.core.windows.net",
            "primary_table_endpoint": "https://frastorepoc007.table.core.windows.net/",
            "primary_table_host": "frastorepoc007.table.core.windows.net",
            "primary_web_endpoint": "",
            "primary_web_host": "",
            "queue_encryption_key_type": "Service",
            "queue_properties": [
              {
                "cors_rule": [],
                "hour_metrics": [
                  {
                    "enabled": true,
                    "include_apis": true,
                    "retention_policy_days": 7,
                    "version": "1.0"
                  }
                ],
                "logging": [
                  {
                    "delete": false,
                    "read": false,
                    "retention_policy_days": 0,
                    "version": "1.0",
                    "write": false
                  }
                ],
                "minute_metrics": [
                  {
                    "enabled": false,
                    "include_apis": false,
                    "retention_policy_days": 0,
                    "version": "1.0"
                  }
                ]
              }
            ],
            "resource_group_name": "TF-Group",
            "routing": [],
            "secondary_access_key": "XFFSbQl76WO4Q+W3IXhcTSbsWfTbKv7jaokCx0tD2AtjfSiHBLykjZhJPZufp/fq34ENjfUL7SLCFwkjiOkUag==",
            "secondary_blob_connection_string": "",
            "secondary_blob_endpoint": null,
            "secondary_blob_host": null,
            "secondary_connection_string": "DefaultEndpointsProtocol=https;AccountName=frastorepoc007;AccountKey=XFFSbQl76WO4Q+W3IXhcTSbsWfTbKv7jaokCx0tD2AtjfSiHBLykjZhJPZufp/fq34ENjfUL7SLCFwkjiOkUag==;EndpointSuffix=core.windows.net",
            "secondary_dfs_endpoint": null,
            "secondary_dfs_host": null,
            "secondary_file_endpoint": null,
            "secondary_file_host": null,
            "secondary_location": "",
            "secondary_queue_endpoint": null,
            "secondary_queue_host": null,
            "secondary_table_endpoint": null,
            "secondary_table_host": null,
            "secondary_web_endpoint": null,
            "secondary_web_host": null,
            "share_properties": [
              {
                "cors_rule": [],
                "retention_policy": [
                  {
                    "days": 7
                  }
                ],
                "smb": []
              }
            ],
            "shared_access_key_enabled": true,
            "static_website": [],
            "table_encryption_key_type": "Service",
            "tags": null,
            "timeouts": null
          },
          "sensitive_attributes": [],
          "private": "eyJlMmJmYjczMC1lY2FhLTExZTYtOGY4OC0zNDM2M2JjN2M0YzAiOnsiY3JlYXRlIjozNjAwMDAwMDAwMDAwLCJkZWxldGUiOjM2MDAwMDAwMDAwMDAsInJlYWQiOjMwMDAwMDAwMDAwMCwidXBkYXRlIjozNjAwMDAwMDAwMDAwfSwic2NoZW1hX3ZlcnNpb24iOiIyIn0="
        }
      ]
    }
  ]
}
